// !$*UTF8*$!
{
	archiveVersion = 1;
	classes = {
	};
	objectVersion = 50;
	objects = {

/* Begin PBXBuildFile section */
		8D13D969216FBE7F009631EB /* AppDelegate.swift in Sources */ = {isa = PBXBuildFile; fileRef = 8D13D968216FBE7F009631EB /* AppDelegate.swift */; };
		8D13D96B216FBE7F009631EB /* GameScene.sks in Resources */ = {isa = PBXBuildFile; fileRef = 8D13D96A216FBE7F009631EB /* GameScene.sks */; };
		8D13D96D216FBE7F009631EB /* Actions.sks in Resources */ = {isa = PBXBuildFile; fileRef = 8D13D96C216FBE7F009631EB /* Actions.sks */; };
		8D13D96F216FBE7F009631EB /* GameScene.swift in Sources */ = {isa = PBXBuildFile; fileRef = 8D13D96E216FBE7F009631EB /* GameScene.swift */; };
		8D13D971216FBE7F009631EB /* GameViewController.swift in Sources */ = {isa = PBXBuildFile; fileRef = 8D13D970216FBE7F009631EB /* GameViewController.swift */; };
		8D13D974216FBE7F009631EB /* Main.storyboard in Resources */ = {isa = PBXBuildFile; fileRef = 8D13D972216FBE7F009631EB /* Main.storyboard */; };
		8D13D976216FBE82009631EB /* Assets.xcassets in Resources */ = {isa = PBXBuildFile; fileRef = 8D13D975216FBE82009631EB /* Assets.xcassets */; };
		8D13D979216FBE82009631EB /* LaunchScreen.storyboard in Resources */ = {isa = PBXBuildFile; fileRef = 8D13D977216FBE82009631EB /* LaunchScreen.storyboard */; };
		8D13D981216FBEE0009631EB /* assets.atlas in Resources */ = {isa = PBXBuildFile; fileRef = 8D13D980216FBEE0009631EB /* assets.atlas */; };
		8D13D984216FBF11009631EB /* sfx_swipe.caf in Resources */ = {isa = PBXBuildFile; fileRef = 8D13D983216FBF11009631EB /* sfx_swipe.caf */; };
		8D13D986216FC0DB009631EB /* MSButtonNode.swift in Sources */ = {isa = PBXBuildFile; fileRef = 8D13D985216FC0DB009631EB /* MSButtonNode.swift */; };
		8D13D988216FD3B4009631EB /* SushiPiece.swift in Sources */ = {isa = PBXBuildFile; fileRef = 8D13D987216FD3B4009631EB /* SushiPiece.swift */; };
		8D13D98A216FDA43009631EB /* Character.swift in Sources */ = {isa = PBXBuildFile; fileRef = 8D13D989216FDA43009631EB /* Character.swift */; };
		8D13D98C216FF106009631EB /* AnimationActions.sks in Resources */ = {isa = PBXBuildFile; fileRef = 8D13D98B216FF106009631EB /* AnimationActions.sks */; };
/* End PBXBuildFile section */

/* Begin PBXFileReference section */
		8D13D965216FBE7F009631EB /* SushiNeko.app */ = {isa = PBXFileReference; explicitFileType = wrapper.application; includeInIndex = 0; path = SushiNeko.app; sourceTree = BUILT_PRODUCTS_DIR; };
		8D13D968216FBE7F009631EB /* AppDelegate.swift */ = {isa = PBXFileReference; lastKnownFileType = sourcecode.swift; path = AppDelegate.swift; sourceTree = "<group>"; };
		8D13D96A216FBE7F009631EB /* GameScene.sks */ = {isa = PBXFileReference; lastKnownFileType = file.sks; path = GameScene.sks; sourceTree = "<group>"; };
		8D13D96C216FBE7F009631EB /* Actions.sks */ = {isa = PBXFileReference; lastKnownFileType = file.sks; path = Actions.sks; sourceTree = "<group>"; };
		8D13D96E216FBE7F009631EB /* GameScene.swift */ = {isa = PBXFileReference; lastKnownFileType = sourcecode.swift; path = GameScene.swift; sourceTree = "<group>"; };
		8D13D970216FBE7F009631EB /* GameViewController.swift */ = {isa = PBXFileReference; lastKnownFileType = sourcecode.swift; path = GameViewController.swift; sourceTree = "<group>"; };
		8D13D973216FBE7F009631EB /* Base */ = {isa = PBXFileReference; lastKnownFileType = file.storyboard; name = Base; path = Base.lproj/Main.storyboard; sourceTree = "<group>"; };
		8D13D975216FBE82009631EB /* Assets.xcassets */ = {isa = PBXFileReference; lastKnownFileType = folder.assetcatalog; path = Assets.xcassets; sourceTree = "<group>"; };
		8D13D978216FBE82009631EB /* Base */ = {isa = PBXFileReference; lastKnownFileType = file.storyboard; name = Base; path = Base.lproj/LaunchScreen.storyboard; sourceTree = "<group>"; };
		8D13D97A216FBE82009631EB /* Info.plist */ = {isa = PBXFileReference; lastKnownFileType = text.plist.xml; path = Info.plist; sourceTree = "<group>"; };
		8D13D980216FBEE0009631EB /* assets.atlas */ = {isa = PBXFileReference; lastKnownFileType = folder.skatlas; path = assets.atlas; sourceTree = "<group>"; };
		8D13D983216FBF11009631EB /* sfx_swipe.caf */ = {isa = PBXFileReference; lastKnownFileType = file; path = sfx_swipe.caf; sourceTree = "<group>"; };
		8D13D985216FC0DB009631EB /* MSButtonNode.swift */ = {isa = PBXFileReference; lastKnownFileType = sourcecode.swift; path = MSButtonNode.swift; sourceTree = "<group>"; };
		8D13D987216FD3B4009631EB /* SushiPiece.swift */ = {isa = PBXFileReference; lastKnownFileType = sourcecode.swift; path = SushiPiece.swift; sourceTree = "<group>"; };
		8D13D989216FDA43009631EB /* Character.swift */ = {isa = PBXFileReference; lastKnownFileType = sourcecode.swift; path = Character.swift; sourceTree = "<group>"; };
		8D13D98B216FF106009631EB /* AnimationActions.sks */ = {isa = PBXFileReference; lastKnownFileType = file.sks; path = AnimationActions.sks; sourceTree = "<group>"; };
/* End PBXFileReference section */

/* Begin PBXFrameworksBuildPhase section */
		8D13D962216FBE7F009631EB /* Frameworks */ = {
			isa = PBXFrameworksBuildPhase;
			buildActionMask = 2147483647;
			files = (
			);
			runOnlyForDeploymentPostprocessing = 0;
		};
/* End PBXFrameworksBuildPhase section */

/* Begin PBXGroup section */
		8D13D95C216FBE7F009631EB = {
			isa = PBXGroup;
			children = (
				8D13D98B216FF106009631EB /* AnimationActions.sks */,
				8D13D967216FBE7F009631EB /* SushiNeko */,
				8D13D966216FBE7F009631EB /* Products */,
				8D13D982216FBF11009631EB /* SFX */,
			);
			sourceTree = "<group>";
		};
		8D13D966216FBE7F009631EB /* Products */ = {
			isa = PBXGroup;
			children = (
				8D13D965216FBE7F009631EB /* SushiNeko.app */,
			);
			name = Products;
			sourceTree = "<group>";
		};
		8D13D967216FBE7F009631EB /* SushiNeko */ = {
			isa = PBXGroup;
			children = (
				8D13D985216FC0DB009631EB /* MSButtonNode.swift */,
				8D13D980216FBEE0009631EB /* assets.atlas */,
				8D13D968216FBE7F009631EB /* AppDelegate.swift */,
				8D13D96A216FBE7F009631EB /* GameScene.sks */,
				8D13D989216FDA43009631EB /* Character.swift */,
				8D13D96C216FBE7F009631EB /* Actions.sks */,
				8D13D96E216FBE7F009631EB /* GameScene.swift */,
				8D13D987216FD3B4009631EB /* SushiPiece.swift */,
				8D13D970216FBE7F009631EB /* GameViewController.swift */,
				8D13D972216FBE7F009631EB /* Main.storyboard */,
				8D13D975216FBE82009631EB /* Assets.xcassets */,
				8D13D977216FBE82009631EB /* LaunchScreen.storyboard */,
				8D13D97A216FBE82009631EB /* Info.plist */,
			);
			path = SushiNeko;
			sourceTree = "<group>";
		};
		8D13D982216FBF11009631EB /* SFX */ = {
			isa = PBXGroup;
			children = (
				8D13D983216FBF11009631EB /* sfx_swipe.caf */,
			);
			path = SFX;
			sourceTree = "<group>";
		};
/* End PBXGroup section */

/* Begin PBXNativeTarget section */
		8D13D964216FBE7F009631EB /* SushiNeko */ = {
			isa = PBXNativeTarget;
			buildConfigurationList = 8D13D97D216FBE82009631EB /* Build configuration list for PBXNativeTarget "SushiNeko" */;
			buildPhases = (
				8D13D961216FBE7F009631EB /* Sources */,
				8D13D962216FBE7F009631EB /* Frameworks */,
				8D13D963216FBE7F009631EB /* Resources */,
			);
			buildRules = (
			);
			dependencies = (
			);
			name = SushiNeko;
			productName = SushiNeko;
			productReference = 8D13D965216FBE7F009631EB /* SushiNeko.app */;
			productType = "com.apple.product-type.application";
		};
/* End PBXNativeTarget section */

/* Begin PBXProject section */
		8D13D95D216FBE7F009631EB /* Project object */ = {
			isa = PBXProject;
			attributes = {
				LastSwiftUpdateCheck = 1000;
				LastUpgradeCheck = 1000;
				ORGANIZATIONNAME = "Ricardo Rodriguez";
				TargetAttributes = {
					8D13D964216FBE7F009631EB = {
						CreatedOnToolsVersion = 10.0;
					};
				};
			};
			buildConfigurationList = 8D13D960216FBE7F009631EB /* Build configuration list for PBXProject "SushiNeko" */;
			compatibilityVersion = "Xcode 9.3";
			developmentRegion = en;
			hasScannedForEncodings = 0;
			knownRegions = (
				en,
				Base,
			);
			mainGroup = 8D13D95C216FBE7F009631EB;
			productRefGroup = 8D13D966216FBE7F009631EB /* Products */;
			projectDirPath = "";
			projectRoot = "";
			targets = (
				8D13D964216FBE7F009631EB /* SushiNeko */,
			);
		};
/* End PBXProject section */

/* Begin PBXResourcesBuildPhase section */
		8D13D963216FBE7F009631EB /* Resources */ = {
			isa = PBXResourcesBuildPhase;
			buildActionMask = 2147483647;
			files = (
				8D13D974216FBE7F009631EB /* Main.storyboard in Resources */,
				8D13D96B216FBE7F009631EB /* GameScene.sks in Resources */,
				8D13D981216FBEE0009631EB /* assets.atlas in Resources */,
				8D13D976216FBE82009631EB /* Assets.xcassets in Resources */,
				8D13D98C216FF106009631EB /* AnimationActions.sks in Resources */,
				8D13D979216FBE82009631EB /* LaunchScreen.storyboard in Resources */,
				8D13D984216FBF11009631EB /* sfx_swipe.caf in Resources */,
				8D13D96D216FBE7F009631EB /* Actions.sks in Resources */,
			);
			runOnlyForDeploymentPostprocessing = 0;
		};
/* End PBXResourcesBuildPhase section */

/* Begin PBXSourcesBuildPhase section */
		8D13D961216FBE7F009631EB /* Sources */ = {
			isa = PBXSourcesBuildPhase;
			buildActionMask = 2147483647;
			files = (
				8D13D96F216FBE7F009631EB /* GameScene.swift in Sources */,
				8D13D971216FBE7F009631EB /* GameViewController.swift in Sources */,
				8D13D969216FBE7F009631EB /* AppDelegate.swift in Sources */,
				8D13D98A216FDA43009631EB /* Character.swift in Sources */,
				8D13D988216FD3B4009631EB /* SushiPiece.swift in Sources */,
				8D13D986216FC0DB009631EB /* MSButtonNode.swift in Sources */,
			);
			runOnlyForDeploymentPostprocessing = 0;
		};
/* End PBXSourcesBuildPhase section */

/* Begin PBXVariantGroup section */
		8D13D972216FBE7F009631EB /* Main.storyboard */ = {
			isa = PBXVariantGroup;
			children = (
				8D13D973216FBE7F009631EB /* Base */,
			);
			name = Main.storyboard;
			sourceTree = "<group>";
		};
		8D13D977216FBE82009631EB /* LaunchScreen.storyboard */ = {
			isa = PBXVariantGroup;
			children = (
				8D13D978216FBE82009631EB /* Base */,
			);
			name = LaunchScreen.storyboard;
			sourceTree = "<group>";
		};
/* End PBXVariantGroup section */

/* Begin XCBuildConfiguration section */
		8D13D97B216FBE82009631EB /* Debug */ = {
			isa = XCBuildConfiguration;
			buildSettings = {
				ALWAYS_SEARCH_USER_PATHS = NO;
				CLANG_ANALYZER_NONNULL = YES;
				CLANG_ANALYZER_NUMBER_OBJECT_CONVERSION = YES_AGGRESSIVE;
				CLANG_CXX_LANGUAGE_STANDARD = "gnu++14";
				CLANG_CXX_LIBRARY = "libc++";
				CLANG_ENABLE_MODULES = YES;
				CLANG_ENABLE_OBJC_ARC = YES;
				CLANG_ENABLE_OBJC_WEAK = YES;
				CLANG_WARN_BLOCK_CAPTURE_AUTORELEASING = YES;
				CLANG_WARN_BOOL_CONVERSION = YES;
				CLANG_WARN_COMMA = YES;
				CLANG_WARN_CONSTANT_CONVERSION = YES;
				CLANG_WARN_DEPRECATED_OBJC_IMPLEMENTATIONS = YES;
				CLANG_WARN_DIRECT_OBJC_ISA_USAGE = YES_ERROR;
				CLANG_WARN_DOCUMENTATION_COMMENTS = YES;
				CLANG_WARN_EMPTY_BODY = YES;
				CLANG_WARN_ENUM_CONVERSION = YES;
				CLANG_WARN_INFINITE_RECURSION = YES;
				CLANG_WARN_INT_CONVERSION = YES;
				CLANG_WARN_NON_LITERAL_NULL_CONVERSION = YES;
				CLANG_WARN_OBJC_IMPLICIT_RETAIN_SELF = YES;
				CLANG_WARN_OBJC_LITERAL_CONVERSION = YES;
				CLANG_WARN_OBJC_ROOT_CLASS = YES_ERROR;
				CLANG_WARN_RANGE_LOOP_ANALYSIS = YES;
				CLANG_WARN_STRICT_PROTOTYPES = YES;
				CLANG_WARN_SUSPICIOUS_MOVE = YES;
				CLANG_WARN_UNGUARDED_AVAILABILITY = YES_AGGRESSIVE;
				CLANG_WARN_UNREACHABLE_CODE = YES;
				CLANG_WARN__DUPLICATE_METHOD_MATCH = YES;
				CODE_SIGN_IDENTITY = "iPhone Developer";
				COPY_PHASE_STRIP = NO;
				DEBUG_INFORMATION_FORMAT = dwarf;
				ENABLE_STRICT_OBJC_MSGSEND = YES;
				ENABLE_TESTABILITY = YES;
				GCC_C_LANGUAGE_STANDARD = gnu11;
				GCC_DYNAMIC_NO_PIC = NO;
				GCC_NO_COMMON_BLOCKS = YES;
				GCC_OPTIMIZATION_LEVEL = 0;
				GCC_PREPROCESSOR_DEFINITIONS = (
					"DEBUG=1",
					"$(inherited)",
				);
				GCC_WARN_64_TO_32_BIT_CONVERSION = YES;
				GCC_WARN_ABOUT_RETURN_TYPE = YES_ERROR;
				GCC_WARN_UNDECLARED_SELECTOR = YES;
				GCC_WARN_UNINITIALIZED_AUTOS = YES_AGGRESSIVE;
				GCC_WARN_UNUSED_FUNCTION = YES;
				GCC_WARN_UNUSED_VARIABLE = YES;
				IPHONEOS_DEPLOYMENT_TARGET = 12.0;
				MTL_ENABLE_DEBUG_INFO = INCLUDE_SOURCE;
				MTL_FAST_MATH = YES;
				ONLY_ACTIVE_ARCH = YES;
				SDKROOT = iphoneos;
				SWIFT_ACTIVE_COMPILATION_CONDITIONS = DEBUG;
				SWIFT_OPTIMIZATION_LEVEL = "-Onone";
			};
			name = Debug;
		};
		8D13D97C216FBE82009631EB /* Release */ = {
			isa = XCBuildConfiguration;
			buildSettings = {
				ALWAYS_SEARCH_USER_PATHS = NO;
				CLANG_ANALYZER_NONNULL = YES;
				CLANG_ANALYZER_NUMBER_OBJECT_CONVERSION = YES_AGGRESSIVE;
				CLANG_CXX_LANGUAGE_STANDARD = "gnu++14";
				CLANG_CXX_LIBRARY = "libc++";
				CLANG_ENABLE_MODULES = YES;
				CLANG_ENABLE_OBJC_ARC = YES;
				CLANG_ENABLE_OBJC_WEAK = YES;
				CLANG_WARN_BLOCK_CAPTURE_AUTORELEASING = YES;
				CLANG_WARN_BOOL_CONVERSION = YES;
				CLANG_WARN_COMMA = YES;
				CLANG_WARN_CONSTANT_CONVERSION = YES;
				CLANG_WARN_DEPRECATED_OBJC_IMPLEMENTATIONS = YES;
				CLANG_WARN_DIRECT_OBJC_ISA_USAGE = YES_ERROR;
				CLANG_WARN_DOCUMENTATION_COMMENTS = YES;
				CLANG_WARN_EMPTY_BODY = YES;
				CLANG_WARN_ENUM_CONVERSION = YES;
				CLANG_WARN_INFINITE_RECURSION = YES;
				CLANG_WARN_INT_CONVERSION = YES;
				CLANG_WARN_NON_LITERAL_NULL_CONVERSION = YES;
				CLANG_WARN_OBJC_IMPLICIT_RETAIN_SELF = YES;
				CLANG_WARN_OBJC_LITERAL_CONVERSION = YES;
				CLANG_WARN_OBJC_ROOT_CLASS = YES_ERROR;
				CLANG_WARN_RANGE_LOOP_ANALYSIS = YES;
				CLANG_WARN_STRICT_PROTOTYPES = YES;
				CLANG_WARN_SUSPICIOUS_MOVE = YES;
				CLANG_WARN_UNGUARDED_AVAILABILITY = YES_AGGRESSIVE;
				CLANG_WARN_UNREACHABLE_CODE = YES;
				CLANG_WARN__DUPLICATE_METHOD_MATCH = YES;
				CODE_SIGN_IDENTITY = "iPhone Developer";
				COPY_PHASE_STRIP = NO;
				DEBUG_INFORMATION_FORMAT = "dwarf-with-dsym";
				ENABLE_NS_ASSERTIONS = NO;
				ENABLE_STRICT_OBJC_MSGSEND = YES;
				GCC_C_LANGUAGE_STANDARD = gnu11;
				GCC_NO_COMMON_BLOCKS = YES;
				GCC_WARN_64_TO_32_BIT_CONVERSION = YES;
				GCC_WARN_ABOUT_RETURN_TYPE = YES_ERROR;
				GCC_WARN_UNDECLARED_SELECTOR = YES;
				GCC_WARN_UNINITIALIZED_AUTOS = YES_AGGRESSIVE;
				GCC_WARN_UNUSED_FUNCTION = YES;
				GCC_WARN_UNUSED_VARIABLE = YES;
				IPHONEOS_DEPLOYMENT_TARGET = 12.0;
				MTL_ENABLE_DEBUG_INFO = NO;
				MTL_FAST_MATH = YES;
				SDKROOT = iphoneos;
				SWIFT_COMPILATION_MODE = wholemodule;
				SWIFT_OPTIMIZATION_LEVEL = "-O";
				VALIDATE_PRODUCT = YES;
			};
			name = Release;
		};
		8D13D97E216FBE82009631EB /* Debug */ = {
			isa = XCBuildConfiguration;
			buildSettings = {
				ASSETCATALOG_COMPILER_APPICON_NAME = AppIcon;
				CODE_SIGN_STYLE = Automatic;
				INFOPLIST_FILE = SushiNeko/Info.plist;
				LD_RUNPATH_SEARCH_PATHS = (
					"$(inherited)",
					"@executable_path/Frameworks",
				);
				PRODUCT_BUNDLE_IDENTIFIER = com.RicardoRodriguez.SushiNeko;
				PRODUCT_NAME = "$(TARGET_NAME)";
				SWIFT_VERSION = 4.2;
				TARGETED_DEVICE_FAMILY = "1,2";
			};
			name = Debug;
		};
		8D13D97F216FBE82009631EB /* Release */ = {
			isa = XCBuildConfiguration;
			buildSettings = {
				ASSETCATALOG_COMPILER_APPICON_NAME = AppIcon;
				CODE_SIGN_STYLE = Automatic;
				INFOPLIST_FILE = SushiNeko/Info.plist;
				LD_RUNPATH_SEARCH_PATHS = (
					"$(inherited)",
					"@executable_path/Frameworks",
				);
				PRODUCT_BUNDLE_IDENTIFIER = com.RicardoRodriguez.SushiNeko;
				PRODUCT_NAME = "$(TARGET_NAME)";
				SWIFT_VERSION = 4.2;
				TARGETED_DEVICE_FAMILY = "1,2";
			};
			name = Release;
		};
/* End XCBuildConfiguration section */

/* Begin XCConfigurationList section */
		8D13D960216FBE7F009631EB /* Build configuration list for PBXProject "SushiNeko" */ = {
			isa = XCConfigurationList;
			buildConfigurations = (
				8D13D97B216FBE82009631EB /* Debug */,
				8D13D97C216FBE82009631EB /* Release */,
			);
			defaultConfigurationIsVisible = 0;
			defaultConfigurationName = Release;
		};
		8D13D97D216FBE82009631EB /* Build configuration list for PBXNativeTarget "SushiNeko" */ = {
			isa = XCConfigurationList;
			buildConfigurations = (
				8D13D97E216FBE82009631EB /* Debug */,
				8D13D97F216FBE82009631EB /* Release */,
			);
			defaultConfigurationIsVisible = 0;
			defaultConfigurationName = Release;
		};
/* End XCConfigurationList section */
	};
	rootObject = 8D13D95D216FBE7F009631EB /* Project object */;
}
